# THIS IS AN AUTOGENERATED FILE. DO NOT EDIT THIS FILE DIRECTLY.
# yarn lockfile v1


abbrev@1:
  version "1.1.1"
  resolved "https://registry.yarnpkg.com/abbrev/-/abbrev-1.1.1.tgz#f8f2c887ad10bf67f634f005b6987fed3179aac8"

ansi-regex@^0.2.0, ansi-regex@^0.2.1:
  version "0.2.1"
  resolved "https://registry.yarnpkg.com/ansi-regex/-/ansi-regex-0.2.1.tgz#0d8e946967a3d8143f93e24e298525fc1b2235f9"

ansi-regex@^2.0.0:
  version "2.1.1"
  resolved "https://registry.yarnpkg.com/ansi-regex/-/ansi-regex-2.1.1.tgz#c3b33ab5ee360d86e0e628f0468ae7ef27d654df"

ansi-styles@^1.1.0:
  version "1.1.0"
  resolved "https://registry.yarnpkg.com/ansi-styles/-/ansi-styles-1.1.0.tgz#eaecbf66cd706882760b2f4691582b8f55d7a7de"

ansi-styles@^2.2.1:
  version "2.2.1"
  resolved "https://registry.yarnpkg.com/ansi-styles/-/ansi-styles-2.2.1.tgz#b432dd3358b634cf75e1e4664368240533c1ddbe"

archiver@~0.13.0:
  version "0.13.1"
  resolved "https://registry.yarnpkg.com/archiver/-/archiver-0.13.1.tgz#afc6b3561a63643b38a26788912a83854ecaa0f1"
  dependencies:
    async "~0.9.0"
    buffer-crc32 "~0.2.1"
    glob "~4.3.0"
    lazystream "~0.1.0"
    lodash "~2.4.1"
    readable-stream "~1.0.26"
    tar-stream "~1.1.0"
    zip-stream "~0.5.0"

"argparse@~ 0.1.11":
  version "0.1.16"
  resolved "https://registry.yarnpkg.com/argparse/-/argparse-0.1.16.tgz#cfd01e0fbba3d6caed049fbd758d40f65196f57c"
  dependencies:
    underscore "~1.7.0"
    underscore.string "~2.4.0"

asap@~2.0.3:
  version "2.0.6"
  resolved "https://registry.yarnpkg.com/asap/-/asap-2.0.6.tgz#e50347611d7e690943208bbdafebcbc2fb866d46"

asn1@0.1.11:
  version "0.1.11"
  resolved "https://registry.yarnpkg.com/asn1/-/asn1-0.1.11.tgz#559be18376d08a4ec4dbe80877d27818639b2df7"

assert-plus@^0.1.5:
  version "0.1.5"
  resolved "https://registry.yarnpkg.com/assert-plus/-/assert-plus-0.1.5.tgz#ee74009413002d84cec7219c6ac811812e723160"

async@~0.1.22:
  version "0.1.22"
  resolved "https://registry.yarnpkg.com/async/-/async-0.1.22.tgz#0fc1aaa088a0e3ef0ebe2d8831bab0dcf8845061"

async@~0.2.10:
  version "0.2.10"
  resolved "https://registry.yarnpkg.com/async/-/async-0.2.10.tgz#b6bbe0b0674b9d719708ca38de8c237cb526c3d1"

async@~0.9.0:
  version "0.9.2"
  resolved "https://registry.yarnpkg.com/async/-/async-0.9.2.tgz#aea74d5e61c1f899613bf64bda66d4c78f2fd17d"

aws-sign2@~0.5.0:
  version "0.5.0"
  resolved "https://registry.yarnpkg.com/aws-sign2/-/aws-sign2-0.5.0.tgz#c57103f7a17fc037f02d7c2e64b602ea223f7d63"

balanced-match@^1.0.0:
  version "1.0.0"
  resolved "https://registry.yarnpkg.com/balanced-match/-/balanced-match-1.0.0.tgz#89b4d199ab2bee49de164ea02b89ce462d71b767"

bl@^0.9.0:
  version "0.9.5"
  resolved "https://registry.yarnpkg.com/bl/-/bl-0.9.5.tgz#c06b797af085ea00bc527afc8efcf11de2232054"
  dependencies:
    readable-stream "~1.0.26"

boom@0.4.x:
  version "0.4.2"
  resolved "https://registry.yarnpkg.com/boom/-/boom-0.4.2.tgz#7a636e9ded4efcefb19cef4947a3c67dfaee911b"
  dependencies:
    hoek "0.9.x"

brace-expansion@^1.0.0:
  version "1.1.8"
  resolved "https://registry.yarnpkg.com/brace-expansion/-/brace-expansion-1.1.8.tgz#c07b211c7c952ec1f8efd51a77ef0d1d3990a292"
  dependencies:
    balanced-match "^1.0.0"
    concat-map "0.0.1"

buffer-crc32@~0.2.1:
  version "0.2.13"
  resolved "https://registry.yarnpkg.com/buffer-crc32/-/buffer-crc32-0.2.13.tgz#0d333e3f00eac50aa1454abd30ef8c2a5d9a7242"

chalk@^0.5.1:
  version "0.5.1"
  resolved "https://registry.yarnpkg.com/chalk/-/chalk-0.5.1.tgz#663b3a648b68b55d04690d49167aa837858f2174"
  dependencies:
    ansi-styles "^1.1.0"
    escape-string-regexp "^1.0.0"
    has-ansi "^0.1.0"
    strip-ansi "^0.3.0"
    supports-color "^0.2.0"

chalk@^1.1.1:
  version "1.1.3"
  resolved "https://registry.yarnpkg.com/chalk/-/chalk-1.1.3.tgz#a8115c55e4a702fe4d150abd3872822a7e09fc98"
  dependencies:
    ansi-styles "^2.2.1"
    escape-string-regexp "^1.0.2"
    has-ansi "^2.0.0"
    strip-ansi "^3.0.0"
    supports-color "^2.0.0"

coffee-script@~1.3.3:
  version "1.3.3"
  resolved "https://registry.yarnpkg.com/coffee-script/-/coffee-script-1.3.3.tgz#150d6b4cb522894369efed6a2101c20bc7f4a4f4"

colors@~0.6.2:
  version "0.6.2"
  resolved "https://registry.yarnpkg.com/colors/-/colors-0.6.2.tgz#2423fe6678ac0c5dae8852e5d0e5be08c997abcc"

combined-stream@~0.0.4:
  version "0.0.7"
  resolved "https://registry.yarnpkg.com/combined-stream/-/combined-stream-0.0.7.tgz#0137e657baa5a7541c57ac37ac5fc07d73b4dc1f"
  dependencies:
    delayed-stream "0.0.5"

compress-commons@~0.2.0:
  version "0.2.9"
  resolved "https://registry.yarnpkg.com/compress-commons/-/compress-commons-0.2.9.tgz#422d927430c01abd06cd455b6dfc04cb4cf8003c"
  dependencies:
    buffer-crc32 "~0.2.1"
    crc32-stream "~0.3.1"
    node-int64 "~0.3.0"
    readable-stream "~1.0.26"

concat-map@0.0.1:
  version "0.0.1"
  resolved "https://registry.yarnpkg.com/concat-map/-/concat-map-0.0.1.tgz#d8a96bd77fd68df7793a73036a3ba0d5405d477b"

core-js@^1.0.0:
  version "1.2.7"
  resolved "https://registry.yarnpkg.com/core-js/-/core-js-1.2.7.tgz#652294c14651db28fa93bd2d5ff2983a4f08c636"

core-util-is@~1.0.0:
  version "1.0.2"
  resolved "https://registry.yarnpkg.com/core-util-is/-/core-util-is-1.0.2.tgz#b5fd54220aa2bc5ab57aab7140c940754503c1a7"

crc32-stream@~0.3.1:
  version "0.3.4"
  resolved "https://registry.yarnpkg.com/crc32-stream/-/crc32-stream-0.3.4.tgz#73bc25b45fac1db6632231a7bfce8927e9f06552"
  dependencies:
    buffer-crc32 "~0.2.1"
    readable-stream "~1.0.24"

cryptiles@0.2.x:
  version "0.2.2"
  resolved "https://registry.yarnpkg.com/cryptiles/-/cryptiles-0.2.2.tgz#ed91ff1f17ad13d3748288594f8a48a0d26f325c"
  dependencies:
    boom "0.4.x"

ctype@0.5.3:
  version "0.5.3"
  resolved "https://registry.yarnpkg.com/ctype/-/ctype-0.5.3.tgz#82c18c2461f74114ef16c135224ad0b9144ca12f"

dateformat@1.0.2-1.2.3:
  version "1.0.2-1.2.3"
  resolved "https://registry.yarnpkg.com/dateformat/-/dateformat-1.0.2-1.2.3.tgz#b0220c02de98617433b72851cf47de3df2cdbee9"

delayed-stream@0.0.5:
  version "0.0.5"
  resolved "https://registry.yarnpkg.com/delayed-stream/-/delayed-stream-0.0.5.tgz#d4b1f43a93e8296dfe02694f4680bc37a313c73f"

encoding@^0.1.11:
  version "0.1.12"
  resolved "https://registry.yarnpkg.com/encoding/-/encoding-0.1.12.tgz#538b66f3ee62cd1ab51ec323829d1f9480c74beb"
  dependencies:
    iconv-lite "~0.4.13"

end-of-stream@^1.0.0:
  version "1.4.0"
  resolved "https://registry.yarnpkg.com/end-of-stream/-/end-of-stream-1.4.0.tgz#7a90d833efda6cfa6eac0f4949dbb0fad3a63206"
  dependencies:
    once "^1.4.0"

escape-string-regexp@^1.0.0, escape-string-regexp@^1.0.2:
  version "1.0.5"
  resolved "https://registry.yarnpkg.com/escape-string-regexp/-/escape-string-regexp-1.0.5.tgz#1b61c0562190a8dff6ae3bb2cf0200ca130b86d4"

"esprima@~ 1.0.2":
  version "1.0.4"
  resolved "https://registry.yarnpkg.com/esprima/-/esprima-1.0.4.tgz#9f557e08fc3b4d26ece9dd34f8fbf476b62585ad"

eventemitter2@~0.4.13:
  version "0.4.14"
  resolved "https://registry.yarnpkg.com/eventemitter2/-/eventemitter2-0.4.14.tgz#8f61b75cde012b2e9eb284d4545583b5643b61ab"

exit@~0.1.1:
  version "0.1.2"
  resolved "https://registry.yarnpkg.com/exit/-/exit-0.1.2.tgz#0632638f8d877cc82107d30a0fff1a17cba1cd0c"

fbjs@^0.8.16:
  version "0.8.16"
  resolved "https://registry.yarnpkg.com/fbjs/-/fbjs-0.8.16.tgz#5e67432f550dc41b572bf55847b8aca64e5337db"
  dependencies:
    core-js "^1.0.0"
    isomorphic-fetch "^2.1.1"
    loose-envify "^1.0.0"
    object-assign "^4.1.0"
    promise "^7.1.1"
    setimmediate "^1.0.5"
    ua-parser-js "^0.7.9"

file-sync-cmp@^0.1.0:
  version "0.1.1"
  resolved "https://registry.yarnpkg.com/file-sync-cmp/-/file-sync-cmp-0.1.1.tgz#a5e7a8ffbfa493b43b923bbd4ca89a53b63b612b"

findup-sync@~0.1.2:
  version "0.1.3"
  resolved "https://registry.yarnpkg.com/findup-sync/-/findup-sync-0.1.3.tgz#7f3e7a97b82392c653bf06589bd85190e93c3683"
  dependencies:
    glob "~3.2.9"
    lodash "~2.4.1"

forever-agent@~0.5.0:
  version "0.5.2"
  resolved "https://registry.yarnpkg.com/forever-agent/-/forever-agent-0.5.2.tgz#6d0e09c4921f94a27f63d3b49c5feff1ea4c5130"

form-data@~0.1.0:
  version "0.1.4"
  resolved "https://registry.yarnpkg.com/form-data/-/form-data-0.1.4.tgz#91abd788aba9702b1aabfa8bc01031a2ac9e3b12"
  dependencies:
    async "~0.9.0"
    combined-stream "~0.0.4"
    mime "~1.2.11"

getobject@~0.1.0:
  version "0.1.0"
  resolved "https://registry.yarnpkg.com/getobject/-/getobject-0.1.0.tgz#047a449789fa160d018f5486ed91320b6ec7885c"

glob@~3.1.21:
  version "3.1.21"
  resolved "https://registry.yarnpkg.com/glob/-/glob-3.1.21.tgz#d29e0a055dea5138f4d07ed40e8982e83c2066cd"
  dependencies:
    graceful-fs "~1.2.0"
    inherits "1"
    minimatch "~0.2.11"

glob@~3.2.9:
  version "3.2.11"
  resolved "https://registry.yarnpkg.com/glob/-/glob-3.2.11.tgz#4a973f635b9190f715d10987d5c00fd2815ebe3d"
  dependencies:
    inherits "2"
    minimatch "0.3"

glob@~4.3.0:
  version "4.3.5"
  resolved "https://registry.yarnpkg.com/glob/-/glob-4.3.5.tgz#80fbb08ca540f238acce5d11d1e9bc41e75173d3"
  dependencies:
    inflight "^1.0.4"
    inherits "2"
    minimatch "^2.0.1"
    once "^1.3.0"

graceful-fs@~1.2.0:
  version "1.2.3"
  resolved "https://registry.yarnpkg.com/graceful-fs/-/graceful-fs-1.2.3.tgz#15a4806a57547cb2d2dbf27f42e89a8c3451b364"

grunt-contrib-clean@^0.6.0:
  version "0.6.0"
  resolved "https://registry.yarnpkg.com/grunt-contrib-clean/-/grunt-contrib-clean-0.6.0.tgz#f532dba4b8212674c7c013e146bda6638b9048f6"
  dependencies:
    rimraf "~2.2.1"

grunt-contrib-compress@^0.13.0:
  version "0.13.0"
  resolved "https://registry.yarnpkg.com/grunt-contrib-compress/-/grunt-contrib-compress-0.13.0.tgz#c75e95edff7f19fd22b9d9f8bcb1648c73d84d70"
  dependencies:
    archiver "~0.13.0"
    chalk "^0.5.1"
    prettysize "~0.0.2"

grunt-contrib-copy@^0.8.0:
  version "0.8.2"
  resolved "https://registry.yarnpkg.com/grunt-contrib-copy/-/grunt-contrib-copy-0.8.2.tgz#df31c90ffcc409bc9fafe44ec0dd1e4259916fea"
  dependencies:
    chalk "^1.1.1"
    file-sync-cmp "^0.1.0"

grunt-github-releaser@^0.1.17:
  version "0.1.18"
  resolved "https://registry.yarnpkg.com/grunt-github-releaser/-/grunt-github-releaser-0.1.18.tgz#f1ab2a076a75a03f5266a531d624cfbb1d394d7e"
  dependencies:
    async "~0.2.10"
    request "~2.33.0"
    underscore "~1.5.2"

grunt-legacy-log-utils@~0.1.1:
  version "0.1.1"
  resolved "https://registry.yarnpkg.com/grunt-legacy-log-utils/-/grunt-legacy-log-utils-0.1.1.tgz#c0706b9dd9064e116f36f23fe4e6b048672c0f7e"
  dependencies:
    colors "~0.6.2"
    lodash "~2.4.1"
    underscore.string "~2.3.3"

grunt-legacy-log@~0.1.0:
  version "0.1.3"
  resolved "https://registry.yarnpkg.com/grunt-legacy-log/-/grunt-legacy-log-0.1.3.tgz#ec29426e803021af59029f87d2f9cd7335a05531"
  dependencies:
    colors "~0.6.2"
    grunt-legacy-log-utils "~0.1.1"
    hooker "~0.2.3"
    lodash "~2.4.1"
    underscore.string "~2.3.3"

grunt-legacy-util@~0.2.0:
  version "0.2.0"
  resolved "https://registry.yarnpkg.com/grunt-legacy-util/-/grunt-legacy-util-0.2.0.tgz#93324884dbf7e37a9ff7c026dff451d94a9e554b"
  dependencies:
    async "~0.1.22"
    exit "~0.1.1"
    getobject "~0.1.0"
    hooker "~0.2.3"
    lodash "~0.9.2"
    underscore.string "~2.2.1"
    which "~1.0.5"

grunt-nuget@^0.1.4:
  version "0.1.7"
  resolved "https://registry.yarnpkg.com/grunt-nuget/-/grunt-nuget-0.1.7.tgz#e04cdd2e9b50695636a31d9486da01c3b9fe92b8"
  dependencies:
    grunt "^0.4.5"

grunt@^0.4.5:
  version "0.4.5"
  resolved "https://registry.yarnpkg.com/grunt/-/grunt-0.4.5.tgz#56937cd5194324adff6d207631832a9d6ba4e7f0"
  dependencies:
    async "~0.1.22"
    coffee-script "~1.3.3"
    colors "~0.6.2"
    dateformat "1.0.2-1.2.3"
    eventemitter2 "~0.4.13"
    exit "~0.1.1"
    findup-sync "~0.1.2"
    getobject "~0.1.0"
    glob "~3.1.21"
    grunt-legacy-log "~0.1.0"
    grunt-legacy-util "~0.2.0"
    hooker "~0.2.3"
    iconv-lite "~0.2.11"
    js-yaml "~2.0.5"
    lodash "~0.9.2"
    minimatch "~0.2.12"
    nopt "~1.0.10"
    rimraf "~2.2.8"
    underscore.string "~2.2.1"
    which "~1.0.5"

has-ansi@^0.1.0:
  version "0.1.0"
  resolved "https://registry.yarnpkg.com/has-ansi/-/has-ansi-0.1.0.tgz#84f265aae8c0e6a88a12d7022894b7568894c62e"
  dependencies:
    ansi-regex "^0.2.0"

has-ansi@^2.0.0:
  version "2.0.0"
  resolved "https://registry.yarnpkg.com/has-ansi/-/has-ansi-2.0.0.tgz#34f5049ce1ecdf2b0649af3ef24e45ed35416d91"
  dependencies:
    ansi-regex "^2.0.0"

hawk@~1.0.0:
  version "1.0.0"
  resolved "https://registry.yarnpkg.com/hawk/-/hawk-1.0.0.tgz#b90bb169807285411da7ffcb8dd2598502d3b52d"
  dependencies:
    boom "0.4.x"
    cryptiles "0.2.x"
    hoek "0.9.x"
    sntp "0.2.x"

hoek@0.9.x:
  version "0.9.1"
  resolved "https://registry.yarnpkg.com/hoek/-/hoek-0.9.1.tgz#3d322462badf07716ea7eb85baf88079cddce505"

hooker@~0.2.3:
  version "0.2.3"
  resolved "https://registry.yarnpkg.com/hooker/-/hooker-0.2.3.tgz#b834f723cc4a242aa65963459df6d984c5d3d959"

http-signature@~0.10.0:
  version "0.10.1"
  resolved "https://registry.yarnpkg.com/http-signature/-/http-signature-0.10.1.tgz#4fbdac132559aa8323121e540779c0a012b27e66"
  dependencies:
    asn1 "0.1.11"
    assert-plus "^0.1.5"
    ctype "0.5.3"

iconv-lite@~0.2.11:
  version "0.2.11"
  resolved "https://registry.yarnpkg.com/iconv-lite/-/iconv-lite-0.2.11.tgz#1ce60a3a57864a292d1321ff4609ca4bb965adc8"

iconv-lite@~0.4.13:
  version "0.4.19"
  resolved "https://registry.yarnpkg.com/iconv-lite/-/iconv-lite-0.4.19.tgz#f7468f60135f5e5dad3399c0a81be9a1603a082b"

inflight@^1.0.4:
  version "1.0.6"
  resolved "https://registry.yarnpkg.com/inflight/-/inflight-1.0.6.tgz#49bd6331d7d02d0c09bc910a1075ba8165b56df9"
  dependencies:
    once "^1.3.0"
    wrappy "1"

inherits@1:
  version "1.0.2"
  resolved "https://registry.yarnpkg.com/inherits/-/inherits-1.0.2.tgz#ca4309dadee6b54cc0b8d247e8d7c7a0975bdc9b"

inherits@2, inherits@~2.0.1:
  version "2.0.3"
  resolved "https://registry.yarnpkg.com/inherits/-/inherits-2.0.3.tgz#633c2c83e3da42a502f52466022480f4208261de"

is-stream@^1.0.1:
  version "1.1.0"
  resolved "https://registry.yarnpkg.com/is-stream/-/is-stream-1.1.0.tgz#12d4a3dd4e68e0b79ceb8dbc84173ae80d91ca44"

isarray@0.0.1:
  version "0.0.1"
  resolved "https://registry.yarnpkg.com/isarray/-/isarray-0.0.1.tgz#8a18acfca9a8f4177e09abfc6038939b05d1eedf"

isomorphic-fetch@^2.1.1:
  version "2.2.1"
  resolved "https://registry.yarnpkg.com/isomorphic-fetch/-/isomorphic-fetch-2.2.1.tgz#611ae1acf14f5e81f729507472819fe9733558a9"
  dependencies:
    node-fetch "^1.0.1"
    whatwg-fetch ">=0.10.0"

js-tokens@^3.0.0:
  version "3.0.2"
  resolved "https://registry.yarnpkg.com/js-tokens/-/js-tokens-3.0.2.tgz#9866df395102130e38f7f996bceb65443209c25b"

js-yaml@~2.0.5:
  version "2.0.5"
  resolved "https://registry.yarnpkg.com/js-yaml/-/js-yaml-2.0.5.tgz#a25ae6509999e97df278c6719da11bd0687743a8"
  dependencies:
    argparse "~ 0.1.11"
    esprima "~ 1.0.2"

json-stringify-safe@~5.0.0:
  version "5.0.1"
  resolved "https://registry.yarnpkg.com/json-stringify-safe/-/json-stringify-safe-5.0.1.tgz#1296a2d58fd45f19a0f6ce01d65701e2c735b6eb"

lazystream@~0.1.0:
  version "0.1.0"
  resolved "https://registry.yarnpkg.com/lazystream/-/lazystream-0.1.0.tgz#1b25d63c772a4c20f0a5ed0a9d77f484b6e16920"
  dependencies:
    readable-stream "~1.0.2"

lodash@~0.9.2:
  version "0.9.2"
  resolved "https://registry.yarnpkg.com/lodash/-/lodash-0.9.2.tgz#8f3499c5245d346d682e5b0d3b40767e09f1a92c"

lodash@~2.4.1:
  version "2.4.2"
  resolved "https://registry.yarnpkg.com/lodash/-/lodash-2.4.2.tgz#fadd834b9683073da179b3eae6d9c0d15053f73e"

lodash@~3.2.0:
  version "3.2.0"
  resolved "https://registry.yarnpkg.com/lodash/-/lodash-3.2.0.tgz#4bf50a3243f9aeb0bac41a55d3d5990675a462fb"

loose-envify@^1.0.0, loose-envify@^1.3.1:
  version "1.3.1"
  resolved "https://registry.yarnpkg.com/loose-envify/-/loose-envify-1.3.1.tgz#d1a8ad33fa9ce0e713d65fdd0ac8b748d478c848"
  dependencies:
    js-tokens "^3.0.0"

lru-cache@2:
  version "2.7.3"
  resolved "https://registry.yarnpkg.com/lru-cache/-/lru-cache-2.7.3.tgz#6d4524e8b955f95d4f5b58851ce21dd72fb4e952"

mime@~1.2.11, mime@~1.2.9:
  version "1.2.11"
  resolved "https://registry.yarnpkg.com/mime/-/mime-1.2.11.tgz#58203eed86e3a5ef17aed2b7d9ebd47f0a60dd10"

minimatch@0.3:
  version "0.3.0"
  resolved "https://registry.yarnpkg.com/minimatch/-/minimatch-0.3.0.tgz#275d8edaac4f1bb3326472089e7949c8394699dd"
  dependencies:
    lru-cache "2"
    sigmund "~1.0.0"

minimatch@^2.0.1:
  version "2.0.10"
  resolved "https://registry.yarnpkg.com/minimatch/-/minimatch-2.0.10.tgz#8d087c39c6b38c001b97fca7ce6d0e1e80afbac7"
  dependencies:
    brace-expansion "^1.0.0"

minimatch@~0.2.11, minimatch@~0.2.12:
  version "0.2.14"
  resolved "https://registry.yarnpkg.com/minimatch/-/minimatch-0.2.14.tgz#c74e780574f63c6f9a090e90efbe6ef53a6a756a"
  dependencies:
    lru-cache "2"
    sigmund "~1.0.0"

node-fetch@^1.0.1:
  version "1.7.3"
  resolved "https://registry.yarnpkg.com/node-fetch/-/node-fetch-1.7.3.tgz#980f6f72d85211a5347c6b2bc18c5b84c3eb47ef"
  dependencies:
    encoding "^0.1.11"
    is-stream "^1.0.1"

node-int64@~0.3.0:
  version "0.3.3"
  resolved "https://registry.yarnpkg.com/node-int64/-/node-int64-0.3.3.tgz#2d6e6b2ece5de8588b43d88d1bc41b26cd1fa84d"

node-uuid@~1.4.0:
  version "1.4.8"
  resolved "https://registry.yarnpkg.com/node-uuid/-/node-uuid-1.4.8.tgz#b040eb0923968afabf8d32fb1f17f1167fdab907"

nopt@~1.0.10:
  version "1.0.10"
  resolved "https://registry.yarnpkg.com/nopt/-/nopt-1.0.10.tgz#6ddd21bd2a31417b92727dd585f8a6f37608ebee"
  dependencies:
    abbrev "1"

oauth-sign@~0.3.0:
  version "0.3.0"
  resolved "https://registry.yarnpkg.com/oauth-sign/-/oauth-sign-0.3.0.tgz#cb540f93bb2b22a7d5941691a288d60e8ea9386e"

object-assign@^4.1.0, object-assign@^4.1.1:
  version "4.1.1"
  resolved "https://registry.yarnpkg.com/object-assign/-/object-assign-4.1.1.tgz#2109adc7965887cfc05cbbd442cac8bfbb360863"

once@^1.3.0, once@^1.4.0:
  version "1.4.0"
  resolved "https://registry.yarnpkg.com/once/-/once-1.4.0.tgz#583b1aa775961d4b113ac17d9c50baef9dd76bd1"
  dependencies:
    wrappy "1"

prettysize@~0.0.2:
  version "0.0.3"
  resolved "https://registry.yarnpkg.com/prettysize/-/prettysize-0.0.3.tgz#14afff6a645e591a4ddf1c72919c23b4146181a1"

promise@^7.1.1:
  version "7.3.1"
  resolved "https://registry.yarnpkg.com/promise/-/promise-7.3.1.tgz#064b72602b18f90f29192b8b1bc418ffd1ebd3bf"
  dependencies:
    asap "~2.0.3"

prop-types@^15.6.0:
  version "15.6.0"
  resolved "https://registry.yarnpkg.com/prop-types/-/prop-types-15.6.0.tgz#ceaf083022fc46b4a35f69e13ef75aed0d639856"
  dependencies:
    fbjs "^0.8.16"
    loose-envify "^1.3.1"
    object-assign "^4.1.1"

punycode@^1.4.1:
  version "1.4.1"
  resolved "https://registry.yarnpkg.com/punycode/-/punycode-1.4.1.tgz#c0d5a63b2718800ad8e1eb0fa5269c84dd41845e"

qs@~0.6.0:
  version "0.6.6"
  resolved "https://registry.yarnpkg.com/qs/-/qs-0.6.6.tgz#6e015098ff51968b8a3c819001d5f2c89bc4b107"

readable-stream@~1.0.2, readable-stream@~1.0.24, readable-stream@~1.0.26, readable-stream@~1.0.33:
  version "1.0.34"
  resolved "https://registry.yarnpkg.com/readable-stream/-/readable-stream-1.0.34.tgz#125820e34bc842d2f2aaafafe4c2916ee32c157c"
  dependencies:
    core-util-is "~1.0.0"
    inherits "~2.0.1"
    isarray "0.0.1"
    string_decoder "~0.10.x"

request@~2.33.0:
  version "2.33.0"
  resolved "https://registry.yarnpkg.com/request/-/request-2.33.0.tgz#5167878131726070ec633752ea230a2379dc65ff"
  dependencies:
    forever-agent "~0.5.0"
    json-stringify-safe "~5.0.0"
    mime "~1.2.9"
    node-uuid "~1.4.0"
    qs "~0.6.0"
  optionalDependencies:
    aws-sign2 "~0.5.0"
    form-data "~0.1.0"
    hawk "~1.0.0"
    http-signature "~0.10.0"
    oauth-sign "~0.3.0"
    tough-cookie ">=0.12.0"
    tunnel-agent "~0.3.0"

rimraf@~2.2.1, rimraf@~2.2.8:
  version "2.2.8"
  resolved "https://registry.yarnpkg.com/rimraf/-/rimraf-2.2.8.tgz#e439be2aaee327321952730f99a8929e4fc50582"

setimmediate@^1.0.5:
  version "1.0.5"
  resolved "https://registry.yarnpkg.com/setimmediate/-/setimmediate-1.0.5.tgz#290cbb232e306942d7d7ea9b83732ab7856f8285"

sigmund@~1.0.0:
  version "1.0.1"
  resolved "https://registry.yarnpkg.com/sigmund/-/sigmund-1.0.1.tgz#3ff21f198cad2175f9f3b781853fd94d0d19b590"

sntp@0.2.x:
  version "0.2.4"
  resolved "https://registry.yarnpkg.com/sntp/-/sntp-0.2.4.tgz#fb885f18b0f3aad189f824862536bceeec750900"
  dependencies:
    hoek "0.9.x"

string_decoder@~0.10.x:
  version "0.10.31"
  resolved "https://registry.yarnpkg.com/string_decoder/-/string_decoder-0.10.31.tgz#62e203bc41766c6c28c9fc84301dab1c5310fa94"

strip-ansi@^0.3.0:
  version "0.3.0"
  resolved "https://registry.yarnpkg.com/strip-ansi/-/strip-ansi-0.3.0.tgz#25f48ea22ca79187f3174a4db8759347bb126220"
  dependencies:
    ansi-regex "^0.2.1"

strip-ansi@^3.0.0:
  version "3.0.1"
  resolved "https://registry.yarnpkg.com/strip-ansi/-/strip-ansi-3.0.1.tgz#6a385fb8853d952d5ff05d0e8aaf94278dc63dcf"
  dependencies:
    ansi-regex "^2.0.0"

supports-color@^0.2.0:
  version "0.2.0"
  resolved "https://registry.yarnpkg.com/supports-color/-/supports-color-0.2.0.tgz#d92de2694eb3f67323973d7ae3d8b55b4c22190a"

supports-color@^2.0.0:
  version "2.0.0"
  resolved "https://registry.yarnpkg.com/supports-color/-/supports-color-2.0.0.tgz#535d045ce6b6363fa40117084629995e9df324c7"

tar-stream@~1.1.0:
  version "1.1.5"
  resolved "https://registry.yarnpkg.com/tar-stream/-/tar-stream-1.1.5.tgz#be9218c130c20029e107b0f967fb23de0579d13c"
  dependencies:
    bl "^0.9.0"
    end-of-stream "^1.0.0"
    readable-stream "~1.0.33"
    xtend "^4.0.0"

tough-cookie@>=0.12.0:
  version "2.3.3"
  resolved "https://registry.yarnpkg.com/tough-cookie/-/tough-cookie-2.3.3.tgz#0b618a5565b6dea90bf3425d04d55edc475a7561"
  dependencies:
    punycode "^1.4.1"

tunnel-agent@~0.3.0:
  version "0.3.0"
  resolved "https://registry.yarnpkg.com/tunnel-agent/-/tunnel-agent-0.3.0.tgz#ad681b68f5321ad2827c4cfb1b7d5df2cfe942ee"

ua-parser-js@^0.7.9:
  version "0.7.17"
  resolved "https://registry.yarnpkg.com/ua-parser-js/-/ua-parser-js-0.7.17.tgz#e9ec5f9498b9ec910e7ae3ac626a805c4d09ecac"

underscore.string@~2.2.1:
  version "2.2.1"
  resolved "https://registry.yarnpkg.com/underscore.string/-/underscore.string-2.2.1.tgz#d7c0fa2af5d5a1a67f4253daee98132e733f0f19"

underscore.string@~2.3.3:
  version "2.3.3"
  resolved "https://registry.yarnpkg.com/underscore.string/-/underscore.string-2.3.3.tgz#71c08bf6b428b1133f37e78fa3a21c82f7329b0d"

underscore.string@~2.4.0:
  version "2.4.0"
  resolved "https://registry.yarnpkg.com/underscore.string/-/underscore.string-2.4.0.tgz#8cdd8fbac4e2d2ea1e7e2e8097c42f442280f85b"

underscore@~1.5.2:
  version "1.5.2"
  resolved "https://registry.yarnpkg.com/underscore/-/underscore-1.5.2.tgz#1335c5e4f5e6d33bbb4b006ba8c86a00f556de08"

underscore@~1.7.0:
  version "1.7.0"
  resolved "https://registry.yarnpkg.com/underscore/-/underscore-1.7.0.tgz#6bbaf0877500d36be34ecaa584e0db9fef035209"

whatwg-fetch@>=0.10.0:
  version "2.0.3"
  resolved "https://registry.yarnpkg.com/whatwg-fetch/-/whatwg-fetch-2.0.3.tgz#9c84ec2dcf68187ff00bc64e1274b442176e1c84"

which@~1.0.5:
  version "1.0.9"
  resolved "https://registry.yarnpkg.com/which/-/which-1.0.9.tgz#460c1da0f810103d0321a9b633af9e575e64486f"

winjs@^4.4.3:
  version "4.4.3"
  resolved "https://registry.yarnpkg.com/winjs/-/winjs-4.4.3.tgz#085a105018ffe16f9797bf69bd9c1fd6d428ade3"

wrappy@1:
  version "1.0.2"
  resolved "https://registry.yarnpkg.com/wrappy/-/wrappy-1.0.2.tgz#b5243d8f3ec1aa35f1364605bc0d1036e30ab69f"

xtend@^4.0.0:
  version "4.0.1"
  resolved "https://registry.yarnpkg.com/xtend/-/xtend-4.0.1.tgz#a5c6d532be656e23db820efb943a1f04998d63af"

zip-stream@~0.5.0:
  version "0.5.2"
  resolved "https://registry.yarnpkg.com/zip-stream/-/zip-stream-0.5.2.tgz#32dcbc506d0dab4d21372625bd7ebaac3c2fff56"
  dependencies:
    compress-commons "~0.2.0"
    lodash "~3.2.0"
    readable-stream "~1.0.26"
